
Microsoft Visual Studio Solution File, Format Version 12.00
# Visual Studio Version 17
VisualStudioVersion = 17.7.34202.233
MinimumVisualStudioVersion = 10.0.40219.1
Project("{FAE04EC0-301F-11D3-BF4B-00C04F79EFBC}") = "FunerariaApp.Android", "FunerariaApp\FunerariaApp.Android\FunerariaApp.Android.csproj", "{D6F5760F-7EFC-42FD-862B-F37840D56CF7}"
EndProject
Project("{FAE04EC0-301F-11D3-BF4B-00C04F79EFBC}") = "FunerariaApp.iOS", "FunerariaApp\FunerariaApp.iOS\FunerariaApp.iOS.csproj", "{3FD062F5-BCE0-4ADC-BEDF-71C46F51322C}"
EndProject
Project("{FAE04EC0-301F-11D3-BF4B-00C04F79EFBC}") = "FunerariaApp", "FunerariaApp\FunerariaApp\FunerariaApp.csproj", "{6CFC0792-9304-4B5E-BDEB-B1ABD35AFD8C}"
EndProject
Global
	GlobalSection(SolutionConfigurationPlatforms) = preSolution
		Debug|Any CPU = Debug|Any CPU
		Debug|iPhone = Debug|iPhone
		Debug|iPhoneSimulator = Debug|iPhoneSimulator
		Release|Any CPU = Release|Any CPU
		Release|iPhone = Release|iPhone
		Release|iPhoneSimulator = Release|iPhoneSimulator
	EndGlobalSection
	GlobalSection(ProjectConfigurationPlatforms) = postSolution
		{D6F5760F-7EFC-42FD-862B-F37840D56CF7}.Debug|Any CPU.ActiveCfg = Debug|Any CPU
		{D6F5760F-7EFC-42FD-862B-F37840D56CF7}.Debug|Any CPU.Build.0 = Debug|Any CPU
		{D6F5760F-7EFC-42FD-862B-F37840D56CF7}.Debug|Any CPU.Deploy.0 = Debug|Any CPU
		{D6F5760F-7EFC-42FD-862B-F37840D56CF7}.Debug|iPhone.ActiveCfg = Debug|Any CPU
		{D6F5760F-7EFC-42FD-862B-F37840D56CF7}.Debug|iPhone.Build.0 = Debug|Any CPU
		{D6F5760F-7EFC-42FD-862B-F37840D56CF7}.Debug|iPhone.Deploy.0 = Debug|Any CPU
		{D6F5760F-7EFC-42FD-862B-F37840D56CF7}.Debug|iPhoneSimulator.ActiveCfg = Debug|Any CPU
		{D6F5760F-7EFC-42FD-862B-F37840D56CF7}.Debug|iPhoneSimulator.Build.0 = Debug|Any CPU
		{D6F5760F-7EFC-42FD-862B-F37840D56CF7}.Debug|iPhoneSimulator.Deploy.0 = Debug|Any CPU
		{D6F5760F-7EFC-42FD-862B-F37840D56CF7}.Release|Any CPU.ActiveCfg = Release|Any CPU
		{D6F5760F-7EFC-42FD-862B-F37840D56CF7}.Release|Any CPU.Build.0 = Release|Any CPU
		{D6F5760F-7EFC-42FD-862B-F37840D56CF7}.Release|Any CPU.Deploy.0 = Release|Any CPU
		{D6F5760F-7EFC-42FD-862B-F37840D56CF7}.Release|iPhone.ActiveCfg = Release|Any CPU
		{D6F5760F-7EFC-42FD-862B-F37840D56CF7}.Release|iPhone.Build.0 = Release|Any CPU
		{D6F5760F-7EFC-42FD-862B-F37840D56CF7}.Release|iPhone.Deploy.0 = Release|Any CPU
		{D6F5760F-7EFC-42FD-862B-F37840D56CF7}.Release|iPhoneSimulator.ActiveCfg = Release|Any CPU
		{D6F5760F-7EFC-42FD-862B-F37840D56CF7}.Release|iPhoneSimulator.Build.0 = Release|Any CPU
		{D6F5760F-7EFC-42FD-862B-F37840D56CF7}.Release|iPhoneSimulator.Deploy.0 = Release|Any CPU
		{3FD062F5-BCE0-4ADC-BEDF-71C46F51322C}.Debug|Any CPU.ActiveCfg = Debug|iPhone
		{3FD062F5-BCE0-4ADC-BEDF-71C46F51322C}.Debug|Any CPU.Build.0 = Debug|iPhone
		{3FD062F5-BCE0-4ADC-BEDF-71C46F51322C}.Debug|Any CPU.Deploy.0 = Debug|iPhone
		{3FD062F5-BCE0-4ADC-BEDF-71C46F51322C}.Debug|iPhone.ActiveCfg = Debug|iPhone
		{3FD062F5-BCE0-4ADC-BEDF-71C46F51322C}.Debug|iPhone.Build.0 = Debug|iPhone
		{3FD062F5-BCE0-4ADC-BEDF-71C46F51322C}.Debug|iPhone.Deploy.0 = Debug|iPhone
		{3FD062F5-BCE0-4ADC-BEDF-71C46F51322C}.Debug|iPhoneSimulator.ActiveCfg = Debug|iPhoneSimulator
		{3FD062F5-BCE0-4ADC-BEDF-71C46F51322C}.Debug|iPhoneSimulator.Build.0 = Debug|iPhoneSimulator
		{3FD062F5-BCE0-4ADC-BEDF-71C46F51322C}.Debug|iPhoneSimulator.Deploy.0 = Debug|iPhoneSimulator
		{3FD062F5-BCE0-4ADC-BEDF-71C46F51322C}.Release|Any CPU.ActiveCfg = Release|iPhoneSimulator
		{3FD062F5-BCE0-4ADC-BEDF-71C46F51322C}.Release|Any CPU.Build.0 = Release|iPhoneSimulator
		{3FD062F5-BCE0-4ADC-BEDF-71C46F51322C}.Release|Any CPU.Deploy.0 = Release|iPhoneSimulator
		{3FD062F5-BCE0-4ADC-BEDF-71C46F51322C}.Release|iPhone.ActiveCfg = Release|iPhone
		{3FD062F5-BCE0-4ADC-BEDF-71C46F51322C}.Release|iPhone.Build.0 = Release|iPhone
		{3FD062F5-BCE0-4ADC-BEDF-71C46F51322C}.Release|iPhone.Deploy.0 = Release|iPhone
		{3FD062F5-BCE0-4ADC-BEDF-71C46F51322C}.Release|iPhoneSimulator.ActiveCfg = Release|iPhoneSimulator
		{3FD062F5-BCE0-4ADC-BEDF-71C46F51322C}.Release|iPhoneSimulator.Build.0 = Release|iPhoneSimulator
		{3FD062F5-BCE0-4ADC-BEDF-71C46F51322C}.Release|iPhoneSimulator.Deploy.0 = Release|iPhoneSimulator
		{6CFC0792-9304-4B5E-BDEB-B1ABD35AFD8C}.Debug|Any CPU.ActiveCfg = Debug|Any CPU
		{6CFC0792-9304-4B5E-BDEB-B1ABD35AFD8C}.Debug|Any CPU.Build.0 = Debug|Any CPU
		{6CFC0792-9304-4B5E-BDEB-B1ABD35AFD8C}.Debug|Any CPU.Deploy.0 = Debug|Any CPU
		{6CFC0792-9304-4B5E-BDEB-B1ABD35AFD8C}.Debug|iPhone.ActiveCfg = Debug|Any CPU
		{6CFC0792-9304-4B5E-BDEB-B1ABD35AFD8C}.Debug|iPhone.Build.0 = Debug|Any CPU
		{6CFC0792-9304-4B5E-BDEB-B1ABD35AFD8C}.Debug|iPhone.Deploy.0 = Debug|Any CPU
		{6CFC0792-9304-4B5E-BDEB-B1ABD35AFD8C}.Debug|iPhoneSimulator.ActiveCfg = Debug|Any CPU
		{6CFC0792-9304-4B5E-BDEB-B1ABD35AFD8C}.Debug|iPhoneSimulator.Build.0 = Debug|Any CPU
		{6CFC0792-9304-4B5E-BDEB-B1ABD35AFD8C}.Debug|iPhoneSimulator.Deploy.0 = Debug|Any CPU
		{6CFC0792-9304-4B5E-BDEB-B1ABD35AFD8C}.Release|Any CPU.ActiveCfg = Release|Any CPU
		{6CFC0792-9304-4B5E-BDEB-B1ABD35AFD8C}.Release|Any CPU.Build.0 = Release|Any CPU
		{6CFC0792-9304-4B5E-BDEB-B1ABD35AFD8C}.Release|Any CPU.Deploy.0 = Release|Any CPU
		{6CFC0792-9304-4B5E-BDEB-B1ABD35AFD8C}.Release|iPhone.ActiveCfg = Release|Any CPU
		{6CFC0792-9304-4B5E-BDEB-B1ABD35AFD8C}.Release|iPhone.Build.0 = Release|Any CPU
		{6CFC0792-9304-4B5E-BDEB-B1ABD35AFD8C}.Release|iPhone.Deploy.0 = Release|Any CPU
		{6CFC0792-9304-4B5E-BDEB-B1ABD35AFD8C}.Release|iPhoneSimulator.ActiveCfg = Release|Any CPU
		{6CFC0792-9304-4B5E-BDEB-B1ABD35AFD8C}.Release|iPhoneSimulator.Build.0 = Release|Any CPU
		{6CFC0792-9304-4B5E-BDEB-B1ABD35AFD8C}.Release|iPhoneSimulator.Deploy.0 = Release|Any CPU
	EndGlobalSection
	GlobalSection(SolutionProperties) = preSolution
		HideSolutionNode = FALSE
	EndGlobalSection
	GlobalSection(ExtensibilityGlobals) = postSolution
		SolutionGuid = {FF9DB1A0-BC23-44A5-A204-E646C82CF027}
	EndGlobalSection
EndGlobal
